
Microsoft Visual Studio Solution File, Format Version 11.00
# Visual Studio 2010
Project("{FAE04EC0-301F-11D3-BF4B-00C04F79EFBC}") = "FlappyBirdClone", "Assembly-CSharp-firstpass.csproj", "{252D9330-5EC7-BB3C-8202-4F549CC579BF}"
EndProject
Project("{FAE04EC0-301F-11D3-BF4B-00C04F79EFBC}") = "FlappyBirdClone", "Assembly-CSharp.csproj", "{2242D18A-7F3F-1238-C22D-2CCD6F4951AE}"
EndProject
Project("{FAE04EC0-301F-11D3-BF4B-00C04F79EFBC}") = "FlappyBirdClone", "Assembly-CSharp-Editor-firstpass.csproj", "{A20E65B9-1D38-282A-ADF8-C0928EDD4FE8}"
Microsoft Visual Studio Solution File, Format Version 12.00
# Visual Studio 2015
Project("{FAE04EC0-301F-11D3-BF4B-00C04F79EFBC}") = "FlappyBirdClone.Plugins", "FlappyBirdClone.Plugins.csproj", "{1202701E-CA4D-7965-D481-A68083CA0F6D}"
EndProject
Project("{FAE04EC0-301F-11D3-BF4B-00C04F79EFBC}") = "FlappyBirdClone", "FlappyBirdClone.csproj", "{B361D0B5-3F8A-EB6A-0FAE-F1ECC2CE7675}"
EndProject
Project("{FAE04EC0-301F-11D3-BF4B-00C04F79EFBC}") = "FlappyBirdClone.Editor.Plugins", "FlappyBirdClone.Editor.Plugins.csproj", "{8EB9CE6D-A485-6F3B-DA80-ECAD6580DBEB}"
EndProject
Global
	GlobalSection(SolutionConfigurationPlatforms) = preSolution
		Debug|Any CPU = Debug|Any CPU
		Release|Any CPU = Release|Any CPU
	EndGlobalSection
	GlobalSection(ProjectConfigurationPlatforms) = postSolution
		{252D9330-5EC7-BB3C-8202-4F549CC579BF}.Debug|Any CPU.ActiveCfg = Debug|Any CPU
		{252D9330-5EC7-BB3C-8202-4F549CC579BF}.Debug|Any CPU.Build.0 = Debug|Any CPU
		{252D9330-5EC7-BB3C-8202-4F549CC579BF}.Release|Any CPU.ActiveCfg = Release|Any CPU
		{252D9330-5EC7-BB3C-8202-4F549CC579BF}.Release|Any CPU.Build.0 = Release|Any CPU
		{2242D18A-7F3F-1238-C22D-2CCD6F4951AE}.Debug|Any CPU.ActiveCfg = Debug|Any CPU
		{2242D18A-7F3F-1238-C22D-2CCD6F4951AE}.Debug|Any CPU.Build.0 = Debug|Any CPU
		{2242D18A-7F3F-1238-C22D-2CCD6F4951AE}.Release|Any CPU.ActiveCfg = Release|Any CPU
		{2242D18A-7F3F-1238-C22D-2CCD6F4951AE}.Release|Any CPU.Build.0 = Release|Any CPU
		{A20E65B9-1D38-282A-ADF8-C0928EDD4FE8}.Debug|Any CPU.ActiveCfg = Debug|Any CPU
		{A20E65B9-1D38-282A-ADF8-C0928EDD4FE8}.Debug|Any CPU.Build.0 = Debug|Any CPU
		{A20E65B9-1D38-282A-ADF8-C0928EDD4FE8}.Release|Any CPU.ActiveCfg = Release|Any CPU
		{A20E65B9-1D38-282A-ADF8-C0928EDD4FE8}.Release|Any CPU.Build.0 = Release|Any CPU
		{1202701E-CA4D-7965-D481-A68083CA0F6D}.Debug|Any CPU.ActiveCfg = Debug|Any CPU
		{1202701E-CA4D-7965-D481-A68083CA0F6D}.Debug|Any CPU.Build.0 = Debug|Any CPU
		{1202701E-CA4D-7965-D481-A68083CA0F6D}.Release|Any CPU.ActiveCfg = Release|Any CPU
		{1202701E-CA4D-7965-D481-A68083CA0F6D}.Release|Any CPU.Build.0 = Release|Any CPU
		{B361D0B5-3F8A-EB6A-0FAE-F1ECC2CE7675}.Debug|Any CPU.ActiveCfg = Debug|Any CPU
		{B361D0B5-3F8A-EB6A-0FAE-F1ECC2CE7675}.Debug|Any CPU.Build.0 = Debug|Any CPU
		{B361D0B5-3F8A-EB6A-0FAE-F1ECC2CE7675}.Release|Any CPU.ActiveCfg = Release|Any CPU
		{B361D0B5-3F8A-EB6A-0FAE-F1ECC2CE7675}.Release|Any CPU.Build.0 = Release|Any CPU
		{8EB9CE6D-A485-6F3B-DA80-ECAD6580DBEB}.Debug|Any CPU.ActiveCfg = Debug|Any CPU
		{8EB9CE6D-A485-6F3B-DA80-ECAD6580DBEB}.Debug|Any CPU.Build.0 = Debug|Any CPU
		{8EB9CE6D-A485-6F3B-DA80-ECAD6580DBEB}.Release|Any CPU.ActiveCfg = Release|Any CPU
		{8EB9CE6D-A485-6F3B-DA80-ECAD6580DBEB}.Release|Any CPU.Build.0 = Release|Any CPU
	EndGlobalSection
	GlobalSection(SolutionProperties) = preSolution
		HideSolutionNode = FALSE
	EndGlobalSection
	GlobalSection(MonoDevelopProperties) = preSolution
		StartupItem = Assembly-CSharp.csproj
	EndGlobalSection
EndGlobal
