
Microsoft Visual Studio Solution File, Format Version 12.00
# Visual Studio 2015
Project("{FAE04EC0-301F-11D3-BF4B-00C04F79EFBC}") = "FlappyBirdClone.CSharp.Plugins", "FlappyBirdClone.CSharp.Plugins.csproj", "{933C5B56-E29E-8460-559F-CA60BE3DE033}"
EndProject
Project("{FAE04EC0-301F-11D3-BF4B-00C04F79EFBC}") = "FlappyBirdClone.CSharp", "FlappyBirdClone.CSharp.csproj", "{2125B300-9821-A1F8-E1AE-E54B959BC7E7}"
EndProject
Project("{FAE04EC0-301F-11D3-BF4B-00C04F79EFBC}") = "FlappyBirdClone.CSharp.Editor.Plugins", "FlappyBirdClone.CSharp.Editor.Plugins.csproj", "{044BA928-B5CC-F360-E16F-BFAB96B4F442}"
EndProject
Global
	GlobalSection(SolutionConfigurationPlatforms) = preSolution
		Debug|Any CPU = Debug|Any CPU
		Release|Any CPU = Release|Any CPU
	EndGlobalSection
	GlobalSection(ProjectConfigurationPlatforms) = postSolution
		{933C5B56-E29E-8460-559F-CA60BE3DE033}.Debug|Any CPU.ActiveCfg = Debug|Any CPU
		{933C5B56-E29E-8460-559F-CA60BE3DE033}.Debug|Any CPU.Build.0 = Debug|Any CPU
		{933C5B56-E29E-8460-559F-CA60BE3DE033}.Release|Any CPU.ActiveCfg = Release|Any CPU
		{933C5B56-E29E-8460-559F-CA60BE3DE033}.Release|Any CPU.Build.0 = Release|Any CPU
		{2125B300-9821-A1F8-E1AE-E54B959BC7E7}.Debug|Any CPU.ActiveCfg = Debug|Any CPU
		{2125B300-9821-A1F8-E1AE-E54B959BC7E7}.Debug|Any CPU.Build.0 = Debug|Any CPU
		{2125B300-9821-A1F8-E1AE-E54B959BC7E7}.Release|Any CPU.ActiveCfg = Release|Any CPU
		{2125B300-9821-A1F8-E1AE-E54B959BC7E7}.Release|Any CPU.Build.0 = Release|Any CPU
		{044BA928-B5CC-F360-E16F-BFAB96B4F442}.Debug|Any CPU.ActiveCfg = Debug|Any CPU
		{044BA928-B5CC-F360-E16F-BFAB96B4F442}.Debug|Any CPU.Build.0 = Debug|Any CPU
		{044BA928-B5CC-F360-E16F-BFAB96B4F442}.Release|Any CPU.ActiveCfg = Release|Any CPU
		{044BA928-B5CC-F360-E16F-BFAB96B4F442}.Release|Any CPU.Build.0 = Release|Any CPU
		{1202701E-CA4D-7965-D481-A68083CA0F6D}.Debug|Any CPU.ActiveCfg = Debug|Any CPU
		{1202701E-CA4D-7965-D481-A68083CA0F6D}.Debug|Any CPU.Build.0 = Debug|Any CPU
		{1202701E-CA4D-7965-D481-A68083CA0F6D}.Release|Any CPU.ActiveCfg = Release|Any CPU
		{1202701E-CA4D-7965-D481-A68083CA0F6D}.Release|Any CPU.Build.0 = Release|Any CPU
		{B361D0B5-3F8A-EB6A-0FAE-F1ECC2CE7675}.Debug|Any CPU.ActiveCfg = Debug|Any CPU
		{B361D0B5-3F8A-EB6A-0FAE-F1ECC2CE7675}.Debug|Any CPU.Build.0 = Debug|Any CPU
		{B361D0B5-3F8A-EB6A-0FAE-F1ECC2CE7675}.Release|Any CPU.ActiveCfg = Release|Any CPU
		{B361D0B5-3F8A-EB6A-0FAE-F1ECC2CE7675}.Release|Any CPU.Build.0 = Release|Any CPU
		{8EB9CE6D-A485-6F3B-DA80-ECAD6580DBEB}.Debug|Any CPU.ActiveCfg = Debug|Any CPU
		{8EB9CE6D-A485-6F3B-DA80-ECAD6580DBEB}.Debug|Any CPU.Build.0 = Debug|Any CPU
		{8EB9CE6D-A485-6F3B-DA80-ECAD6580DBEB}.Release|Any CPU.ActiveCfg = Release|Any CPU
		{8EB9CE6D-A485-6F3B-DA80-ECAD6580DBEB}.Release|Any CPU.Build.0 = Release|Any CPU
	EndGlobalSection
	GlobalSection(SolutionProperties) = preSolution
		HideSolutionNode = FALSE
	EndGlobalSection
EndGlobal
